
Microsoft Visual Studio Solution File, Format Version 12.00
# Visual Studio 2013
VisualStudioVersion = 12.0.21005.1
MinimumVisualStudioVersion = 10.0.40219.1
Project("{F184B08F-C81C-45F6-A57F-5ABD9991F28F}") = "FGE_Project", "FGE_Project\FGE_Project.vbproj", "{990259E8-F75D-4865-98C5-77CA72DC0E1F}"
EndProject
Global
	GlobalSection(SolutionConfigurationPlatforms) = preSolution
		Debug|Any CPU = Debug|Any CPU
		Release|Any CPU = Release|Any CPU
	EndGlobalSection
	GlobalSection(ProjectConfigurationPlatforms) = postSolution
		{990259E8-F75D-4865-98C5-77CA72DC0E1F}.Debug|Any CPU.ActiveCfg = Debug|Any CPU
		{990259E8-F75D-4865-98C5-77CA72DC0E1F}.Debug|Any CPU.Build.0 = Debug|Any CPU
		{990259E8-F75D-4865-98C5-77CA72DC0E1F}.Release|Any CPU.ActiveCfg = Release|Any CPU
		{990259E8-F75D-4865-98C5-77CA72DC0E1F}.Release|Any CPU.Build.0 = Release|Any CPU
	EndGlobalSection
	GlobalSection(SolutionProperties) = preSolution
		HideSolutionNode = FALSE
	EndGlobalSection
EndGlobal
